
Microsoft Visual Studio Solution File, Format Version 12.00
# Visual Studio 15
VisualStudioVersion = 15.0.28010.2048
MinimumVisualStudioVersion = 10.0.40219.1
Project("{FAE04EC0-301F-11D3-BF4B-00C04F79EFBC}") = "DraggableInteractiveShapes", "DraggableInteractiveShapes\DraggableInteractiveShapes.csproj", "{3168F316-C6A0-4873-9B4D-F925877E4CE6}"
EndProject
Global
	GlobalSection(SolutionConfigurationPlatforms) = preSolution
		Debug|Any CPU = Debug|Any CPU
		Release|Any CPU = Release|Any CPU
	EndGlobalSection
	GlobalSection(ProjectConfigurationPlatforms) = postSolution
		{3168F316-C6A0-4873-9B4D-F925877E4CE6}.Debug|Any CPU.ActiveCfg = Debug|Any CPU
		{3168F316-C6A0-4873-9B4D-F925877E4CE6}.Debug|Any CPU.Build.0 = Debug|Any CPU
		{3168F316-C6A0-4873-9B4D-F925877E4CE6}.Release|Any CPU.ActiveCfg = Release|Any CPU
		{3168F316-C6A0-4873-9B4D-F925877E4CE6}.Release|Any CPU.Build.0 = Release|Any CPU
	EndGlobalSection
	GlobalSection(SolutionProperties) = preSolution
		HideSolutionNode = FALSE
	EndGlobalSection
	GlobalSection(ExtensibilityGlobals) = postSolution
		SolutionGuid = {A3E6EB56-33A8-4503-9D62-0C1D439E01C6}
	EndGlobalSection
EndGlobal
